// !$*UTF8*$!
{
	archiveVersion = 1;
	classes = {
	};
	objectVersion = 46;
	objects = {

/* Begin PBXBuildFile section */
		D5126C7918C944FC00F91F80 /* DPRenderView.h in Headers */ = {isa = PBXBuildFile; fileRef = D5126C7718C944FC00F91F80 /* DPRenderView.h */; };
		D5126C7A18C944FC00F91F80 /* DPRenderView.cpp in Sources */ = {isa = PBXBuildFile; fileRef = D5126C7818C944FC00F91F80 /* DPRenderView.cpp */; };
		E915663718C73FCB005033FC /* DPFileTree.cpp in Sources */ = {isa = PBXBuildFile; fileRef = E915663518C73FCB005033FC /* DPFileTree.cpp */; };
		E915663818C73FCB005033FC /* DPFileTree.h in Headers */ = {isa = PBXBuildFile; fileRef = E915663618C73FCB005033FC /* DPFileTree.h */; };
		E939D7B518C73A620008D4A5 /* DPWorkspace.cpp in Sources */ = {isa = PBXBuildFile; fileRef = E939D7B318C73A620008D4A5 /* DPWorkspace.cpp */; };
		E939D7B618C73A620008D4A5 /* DPWorkspace.h in Headers */ = {isa = PBXBuildFile; fileRef = E939D7B418C73A620008D4A5 /* DPWorkspace.h */; };
		E947605C188E4C790068D2E6 /* DPMain.cpp in Sources */ = {isa = PBXBuildFile; fileRef = E947605B188E4C790068D2E6 /* DPMain.cpp */; };
		E95892FF18C90CED009F3F6D /* DPSavedState.cpp in Sources */ = {isa = PBXBuildFile; fileRef = E95892FD18C90CED009F3F6D /* DPSavedState.cpp */; };
		E958930018C90CED009F3F6D /* DPSavedState.h in Headers */ = {isa = PBXBuildFile; fileRef = E95892FE18C90CED009F3F6D /* DPSavedState.h */; };
		E971168C18D650B500EF4179 /* DPDraggableOutlineView.cpp in Sources */ = {isa = PBXBuildFile; fileRef = E971168A18D650B500EF4179 /* DPDraggableOutlineView.cpp */; };
		E971168D18D650B500EF4179 /* DPDraggableOutlineView.h in Headers */ = {isa = PBXBuildFile; fileRef = E971168B18D650B500EF4179 /* DPDraggableOutlineView.h */; };
		E97B529F18C74BF500C65F57 /* DPColorScheme.cpp in Sources */ = {isa = PBXBuildFile; fileRef = E97B529D18C74BF500C65F57 /* DPColorScheme.cpp */; };
		E97B52A018C74BF500C65F57 /* DPColorScheme.h in Headers */ = {isa = PBXBuildFile; fileRef = E97B529E18C74BF500C65F57 /* DPColorScheme.h */; };
		E97B52A718C8E2DD00C65F57 /* DPViewport.cpp in Sources */ = {isa = PBXBuildFile; fileRef = E97B52A518C8E2DD00C65F57 /* DPViewport.cpp */; };
		E97B52A818C8E2DD00C65F57 /* DPViewport.h in Headers */ = {isa = PBXBuildFile; fileRef = E97B52A618C8E2DD00C65F57 /* DPViewport.h */; };
		E9C2243218C8FD0A00626302 /* DPWorldAttachment.cpp in Sources */ = {isa = PBXBuildFile; fileRef = E9C2243018C8FD0A00626302 /* DPWorldAttachment.cpp */; };
		E9C2243318C8FD0A00626302 /* DPWorldAttachment.h in Headers */ = {isa = PBXBuildFile; fileRef = E9C2243118C8FD0A00626302 /* DPWorldAttachment.h */; };
		E9FB736A18C938AE00726541 /* DPSceneHierarchy.cpp in Sources */ = {isa = PBXBuildFile; fileRef = E9FB736818C938AE00726541 /* DPSceneHierarchy.cpp */; };
		E9FB736B18C938AE00726541 /* DPSceneHierarchy.h in Headers */ = {isa = PBXBuildFile; fileRef = E9FB736918C938AE00726541 /* DPSceneHierarchy.h */; };
		E9FB736E18C959AD00726541 /* DPInspectorView.cpp in Sources */ = {isa = PBXBuildFile; fileRef = E9FB736C18C959AD00726541 /* DPInspectorView.cpp */; };
		E9FB736F18C959AD00726541 /* DPInspectorView.h in Headers */ = {isa = PBXBuildFile; fileRef = E9FB736D18C959AD00726541 /* DPInspectorView.h */; };
		E9FB737618CA4BFA00726541 /* DPPropertyView.cpp in Sources */ = {isa = PBXBuildFile; fileRef = E9FB737418CA4BFA00726541 /* DPPropertyView.cpp */; };
		E9FB737718CA4BFA00726541 /* DPPropertyView.h in Headers */ = {isa = PBXBuildFile; fileRef = E9FB737518CA4BFA00726541 /* DPPropertyView.h */; };
		E9FB737B18CAB36600726541 /* DPWidgetContainer.h in Headers */ = {isa = PBXBuildFile; fileRef = E9FB737918CAB36600726541 /* DPWidgetContainer.h */; };
		E9FB737E18CB757800726541 /* DPGizmo.cpp in Sources */ = {isa = PBXBuildFile; fileRef = E9FB737C18CB757800726541 /* DPGizmo.cpp */; };
		E9FB737F18CB757800726541 /* DPGizmo.h in Headers */ = {isa = PBXBuildFile; fileRef = E9FB737D18CB757800726541 /* DPGizmo.h */; };
		E9FB738218CBC47400726541 /* DPDragNDropTarget.cpp in Sources */ = {isa = PBXBuildFile; fileRef = E9FB738018CBC47400726541 /* DPDragNDropTarget.cpp */; };
		E9FB738318CBC47400726541 /* DPDragNDropTarget.h in Headers */ = {isa = PBXBuildFile; fileRef = E9FB738118CBC47400726541 /* DPDragNDropTarget.h */; };
		E9FB738618CC9E9B00726541 /* DPEditorIcon.cpp in Sources */ = {isa = PBXBuildFile; fileRef = E9FB738418CC9E9B00726541 /* DPEditorIcon.cpp */; };
		E9FB738718CC9E9B00726541 /* DPEditorIcon.h in Headers */ = {isa = PBXBuildFile; fileRef = E9FB738518CC9E9B00726541 /* DPEditorIcon.h */; };
/* End PBXBuildFile section */

/* Begin PBXFileReference section */
		D5126C7718C944FC00F91F80 /* DPRenderView.h */ = {isa = PBXFileReference; fileEncoding = 4; lastKnownFileType = sourcecode.c.h; name = DPRenderView.h; path = Classes/DPRenderView.h; sourceTree = "<group>"; };
		D5126C7818C944FC00F91F80 /* DPRenderView.cpp */ = {isa = PBXFileReference; fileEncoding = 4; lastKnownFileType = sourcecode.cpp.cpp; name = DPRenderView.cpp; path = Classes/DPRenderView.cpp; sourceTree = "<group>"; };
		E915663518C73FCB005033FC /* DPFileTree.cpp */ = {isa = PBXFileReference; fileEncoding = 4; lastKnownFileType = sourcecode.cpp.cpp; name = DPFileTree.cpp; path = Classes/DPFileTree.cpp; sourceTree = "<group>"; };
		E915663618C73FCB005033FC /* DPFileTree.h */ = {isa = PBXFileReference; fileEncoding = 4; lastKnownFileType = sourcecode.c.h; name = DPFileTree.h; path = Classes/DPFileTree.h; sourceTree = "<group>"; };
		E939D7B318C73A620008D4A5 /* DPWorkspace.cpp */ = {isa = PBXFileReference; fileEncoding = 4; lastKnownFileType = sourcecode.cpp.cpp; name = DPWorkspace.cpp; path = Classes/DPWorkspace.cpp; sourceTree = "<group>"; };
		E939D7B418C73A620008D4A5 /* DPWorkspace.h */ = {isa = PBXFileReference; fileEncoding = 4; lastKnownFileType = sourcecode.c.h; name = DPWorkspace.h; path = Classes/DPWorkspace.h; sourceTree = "<group>"; };
		E9476057188E4C790068D2E6 /* libDownpour.dylib */ = {isa = PBXFileReference; explicitFileType = "compiled.mach-o.dylib"; includeInIndex = 0; path = libDownpour.dylib; sourceTree = BUILT_PRODUCTS_DIR; };
		E947605B188E4C790068D2E6 /* DPMain.cpp */ = {isa = PBXFileReference; lastKnownFileType = sourcecode.cpp.cpp; name = DPMain.cpp; path = Classes/DPMain.cpp; sourceTree = "<group>"; };
		E95892FD18C90CED009F3F6D /* DPSavedState.cpp */ = {isa = PBXFileReference; fileEncoding = 4; lastKnownFileType = sourcecode.cpp.cpp; name = DPSavedState.cpp; path = Classes/DPSavedState.cpp; sourceTree = "<group>"; };
		E95892FE18C90CED009F3F6D /* DPSavedState.h */ = {isa = PBXFileReference; fileEncoding = 4; lastKnownFileType = sourcecode.c.h; name = DPSavedState.h; path = Classes/DPSavedState.h; sourceTree = "<group>"; };
		E971168A18D650B500EF4179 /* DPDraggableOutlineView.cpp */ = {isa = PBXFileReference; fileEncoding = 4; lastKnownFileType = sourcecode.cpp.cpp; name = DPDraggableOutlineView.cpp; path = Classes/DPDraggableOutlineView.cpp; sourceTree = "<group>"; };
		E971168B18D650B500EF4179 /* DPDraggableOutlineView.h */ = {isa = PBXFileReference; fileEncoding = 4; lastKnownFileType = sourcecode.c.h; name = DPDraggableOutlineView.h; path = Classes/DPDraggableOutlineView.h; sourceTree = "<group>"; };
		E97B529D18C74BF500C65F57 /* DPColorScheme.cpp */ = {isa = PBXFileReference; fileEncoding = 4; lastKnownFileType = sourcecode.cpp.cpp; name = DPColorScheme.cpp; path = Classes/DPColorScheme.cpp; sourceTree = "<group>"; };
		E97B529E18C74BF500C65F57 /* DPColorScheme.h */ = {isa = PBXFileReference; fileEncoding = 4; lastKnownFileType = sourcecode.c.h; name = DPColorScheme.h; path = Classes/DPColorScheme.h; sourceTree = "<group>"; };
		E97B52A518C8E2DD00C65F57 /* DPViewport.cpp */ = {isa = PBXFileReference; fileEncoding = 4; lastKnownFileType = sourcecode.cpp.cpp; name = DPViewport.cpp; path = Classes/DPViewport.cpp; sourceTree = "<group>"; };
		E97B52A618C8E2DD00C65F57 /* DPViewport.h */ = {isa = PBXFileReference; fileEncoding = 4; lastKnownFileType = sourcecode.c.h; name = DPViewport.h; path = Classes/DPViewport.h; sourceTree = "<group>"; };
		E9C2243018C8FD0A00626302 /* DPWorldAttachment.cpp */ = {isa = PBXFileReference; fileEncoding = 4; lastKnownFileType = sourcecode.cpp.cpp; name = DPWorldAttachment.cpp; path = Classes/DPWorldAttachment.cpp; sourceTree = "<group>"; };
		E9C2243118C8FD0A00626302 /* DPWorldAttachment.h */ = {isa = PBXFileReference; fileEncoding = 4; lastKnownFileType = sourcecode.c.h; name = DPWorldAttachment.h; path = Classes/DPWorldAttachment.h; sourceTree = "<group>"; };
		E9FB736818C938AE00726541 /* DPSceneHierarchy.cpp */ = {isa = PBXFileReference; fileEncoding = 4; lastKnownFileType = sourcecode.cpp.cpp; name = DPSceneHierarchy.cpp; path = Classes/DPSceneHierarchy.cpp; sourceTree = "<group>"; };
		E9FB736918C938AE00726541 /* DPSceneHierarchy.h */ = {isa = PBXFileReference; fileEncoding = 4; lastKnownFileType = sourcecode.c.h; name = DPSceneHierarchy.h; path = Classes/DPSceneHierarchy.h; sourceTree = "<group>"; };
		E9FB736C18C959AD00726541 /* DPInspectorView.cpp */ = {isa = PBXFileReference; fileEncoding = 4; lastKnownFileType = sourcecode.cpp.cpp; name = DPInspectorView.cpp; path = Classes/DPInspectorView.cpp; sourceTree = "<group>"; };
		E9FB736D18C959AD00726541 /* DPInspectorView.h */ = {isa = PBXFileReference; fileEncoding = 4; lastKnownFileType = sourcecode.c.h; name = DPInspectorView.h; path = Classes/DPInspectorView.h; sourceTree = "<group>"; };
		E9FB737418CA4BFA00726541 /* DPPropertyView.cpp */ = {isa = PBXFileReference; fileEncoding = 4; lastKnownFileType = sourcecode.cpp.cpp; name = DPPropertyView.cpp; path = Classes/DPPropertyView.cpp; sourceTree = "<group>"; };
		E9FB737518CA4BFA00726541 /* DPPropertyView.h */ = {isa = PBXFileReference; fileEncoding = 4; lastKnownFileType = sourcecode.c.h; name = DPPropertyView.h; path = Classes/DPPropertyView.h; sourceTree = "<group>"; };
		E9FB737918CAB36600726541 /* DPWidgetContainer.h */ = {isa = PBXFileReference; fileEncoding = 4; lastKnownFileType = sourcecode.c.h; name = DPWidgetContainer.h; path = Classes/DPWidgetContainer.h; sourceTree = "<group>"; };
		E9FB737C18CB757800726541 /* DPGizmo.cpp */ = {isa = PBXFileReference; fileEncoding = 4; lastKnownFileType = sourcecode.cpp.cpp; name = DPGizmo.cpp; path = Classes/DPGizmo.cpp; sourceTree = "<group>"; };
		E9FB737D18CB757800726541 /* DPGizmo.h */ = {isa = PBXFileReference; fileEncoding = 4; lastKnownFileType = sourcecode.c.h; name = DPGizmo.h; path = Classes/DPGizmo.h; sourceTree = "<group>"; };
		E9FB738018CBC47400726541 /* DPDragNDropTarget.cpp */ = {isa = PBXFileReference; fileEncoding = 4; lastKnownFileType = sourcecode.cpp.cpp; name = DPDragNDropTarget.cpp; path = Classes/DPDragNDropTarget.cpp; sourceTree = "<group>"; };
		E9FB738118CBC47400726541 /* DPDragNDropTarget.h */ = {isa = PBXFileReference; fileEncoding = 4; lastKnownFileType = sourcecode.c.h; name = DPDragNDropTarget.h; path = Classes/DPDragNDropTarget.h; sourceTree = "<group>"; };
		E9FB738418CC9E9B00726541 /* DPEditorIcon.cpp */ = {isa = PBXFileReference; fileEncoding = 4; lastKnownFileType = sourcecode.cpp.cpp; name = DPEditorIcon.cpp; path = Classes/DPEditorIcon.cpp; sourceTree = "<group>"; };
		E9FB738518CC9E9B00726541 /* DPEditorIcon.h */ = {isa = PBXFileReference; fileEncoding = 4; lastKnownFileType = sourcecode.c.h; name = DPEditorIcon.h; path = Classes/DPEditorIcon.h; sourceTree = "<group>"; };
/* End PBXFileReference section */

/* Begin PBXFrameworksBuildPhase section */
		E9476054188E4C790068D2E6 /* Frameworks */ = {
			isa = PBXFrameworksBuildPhase;
			buildActionMask = 2147483647;
			files = (
			);
			runOnlyForDeploymentPostprocessing = 0;
		};
/* End PBXFrameworksBuildPhase section */

/* Begin PBXGroup section */
		E947604E188E4C780068D2E6 = {
			isa = PBXGroup;
			children = (
				E947605A188E4C790068D2E6 /* Classes */,
				E9476058188E4C790068D2E6 /* Products */,
			);
			sourceTree = "<group>";
		};
		E9476058188E4C790068D2E6 /* Products */ = {
			isa = PBXGroup;
			children = (
				E9476057188E4C790068D2E6 /* libDownpour.dylib */,
			);
			name = Products;
			sourceTree = "<group>";
		};
		E947605A188E4C790068D2E6 /* Classes */ = {
			isa = PBXGroup;
			children = (
				E97B529D18C74BF500C65F57 /* DPColorScheme.cpp */,
				E97B529E18C74BF500C65F57 /* DPColorScheme.h */,
				E971168A18D650B500EF4179 /* DPDraggableOutlineView.cpp */,
				E971168B18D650B500EF4179 /* DPDraggableOutlineView.h */,
				E9FB738018CBC47400726541 /* DPDragNDropTarget.cpp */,
				E9FB738118CBC47400726541 /* DPDragNDropTarget.h */,
				E9FB738418CC9E9B00726541 /* DPEditorIcon.cpp */,
				E9FB738518CC9E9B00726541 /* DPEditorIcon.h */,
				E915663518C73FCB005033FC /* DPFileTree.cpp */,
				E915663618C73FCB005033FC /* DPFileTree.h */,
				E9FB737C18CB757800726541 /* DPGizmo.cpp */,
				E9FB737D18CB757800726541 /* DPGizmo.h */,
				E9FB736C18C959AD00726541 /* DPInspectorView.cpp */,
				E9FB736D18C959AD00726541 /* DPInspectorView.h */,
				E947605B188E4C790068D2E6 /* DPMain.cpp */,
				E9FB737418CA4BFA00726541 /* DPPropertyView.cpp */,
				E9FB737518CA4BFA00726541 /* DPPropertyView.h */,
				D5126C7818C944FC00F91F80 /* DPRenderView.cpp */,
				D5126C7718C944FC00F91F80 /* DPRenderView.h */,
				E95892FD18C90CED009F3F6D /* DPSavedState.cpp */,
				E95892FE18C90CED009F3F6D /* DPSavedState.h */,
				E9FB736818C938AE00726541 /* DPSceneHierarchy.cpp */,
				E9FB736918C938AE00726541 /* DPSceneHierarchy.h */,
				E97B52A518C8E2DD00C65F57 /* DPViewport.cpp */,
				E97B52A618C8E2DD00C65F57 /* DPViewport.h */,
				E9FB737918CAB36600726541 /* DPWidgetContainer.h */,
				E939D7B318C73A620008D4A5 /* DPWorkspace.cpp */,
				E939D7B418C73A620008D4A5 /* DPWorkspace.h */,
				E9C2243018C8FD0A00626302 /* DPWorldAttachment.cpp */,
				E9C2243118C8FD0A00626302 /* DPWorldAttachment.h */,
			);
			name = Classes;
			path = Downpour;
			sourceTree = "<group>";
		};
/* End PBXGroup section */

/* Begin PBXHeadersBuildPhase section */
		E9476055188E4C790068D2E6 /* Headers */ = {
			isa = PBXHeadersBuildPhase;
			buildActionMask = 2147483647;
			files = (
				E9FB738718CC9E9B00726541 /* DPEditorIcon.h in Headers */,
				E9FB738318CBC47400726541 /* DPDragNDropTarget.h in Headers */,
				E9FB737718CA4BFA00726541 /* DPPropertyView.h in Headers */,
				E915663818C73FCB005033FC /* DPFileTree.h in Headers */,
				E97B52A018C74BF500C65F57 /* DPColorScheme.h in Headers */,
				E958930018C90CED009F3F6D /* DPSavedState.h in Headers */,
				E971168D18D650B500EF4179 /* DPDraggableOutlineView.h in Headers */,
				D5126C7918C944FC00F91F80 /* DPRenderView.h in Headers */,
				E9FB737B18CAB36600726541 /* DPWidgetContainer.h in Headers */,
				E9C2243318C8FD0A00626302 /* DPWorldAttachment.h in Headers */,
				E9FB736B18C938AE00726541 /* DPSceneHierarchy.h in Headers */,
				E9FB736F18C959AD00726541 /* DPInspectorView.h in Headers */,
				E9FB737F18CB757800726541 /* DPGizmo.h in Headers */,
				E97B52A818C8E2DD00C65F57 /* DPViewport.h in Headers */,
				E939D7B618C73A620008D4A5 /* DPWorkspace.h in Headers */,
			);
			runOnlyForDeploymentPostprocessing = 0;
		};
/* End PBXHeadersBuildPhase section */

/* Begin PBXNativeTarget section */
		E9476056188E4C790068D2E6 /* Downpour */ = {
			isa = PBXNativeTarget;
			buildConfigurationList = E947605F188E4C790068D2E6 /* Build configuration list for PBXNativeTarget "Downpour" */;
			buildPhases = (
				E9476053188E4C790068D2E6 /* Sources */,
				E9476054188E4C790068D2E6 /* Frameworks */,
				E9476055188E4C790068D2E6 /* Headers */,
			);
			buildRules = (
			);
			dependencies = (
			);
			name = Downpour;
			productName = Downpour;
			productReference = E9476057188E4C790068D2E6 /* libDownpour.dylib */;
			productType = "com.apple.product-type.library.dynamic";
		};
/* End PBXNativeTarget section */

/* Begin PBXProject section */
		E947604F188E4C780068D2E6 /* Project object */ = {
			isa = PBXProject;
			attributes = {
				CLASSPREFIX = DP;
				LastUpgradeCheck = 0500;
				ORGANIZATIONNAME = "Überpixel";
			};
			buildConfigurationList = E9476052188E4C780068D2E6 /* Build configuration list for PBXProject "Downpour" */;
			compatibilityVersion = "Xcode 3.2";
			developmentRegion = English;
			hasScannedForEncodings = 0;
			knownRegions = (
				en,
			);
			mainGroup = E947604E188E4C780068D2E6;
			productRefGroup = E9476058188E4C790068D2E6 /* Products */;
			projectDirPath = "";
			projectRoot = "";
			targets = (
				E9476056188E4C790068D2E6 /* Downpour */,
			);
		};
/* End PBXProject section */

/* Begin PBXSourcesBuildPhase section */
		E9476053188E4C790068D2E6 /* Sources */ = {
			isa = PBXSourcesBuildPhase;
			buildActionMask = 2147483647;
			files = (
				D5126C7A18C944FC00F91F80 /* DPRenderView.cpp in Sources */,
				E97B52A718C8E2DD00C65F57 /* DPViewport.cpp in Sources */,
				E947605C188E4C790068D2E6 /* DPMain.cpp in Sources */,
				E971168C18D650B500EF4179 /* DPDraggableOutlineView.cpp in Sources */,
				E939D7B518C73A620008D4A5 /* DPWorkspace.cpp in Sources */,
				E9C2243218C8FD0A00626302 /* DPWorldAttachment.cpp in Sources */,
				E97B529F18C74BF500C65F57 /* DPColorScheme.cpp in Sources */,
				E9FB737E18CB757800726541 /* DPGizmo.cpp in Sources */,
				E95892FF18C90CED009F3F6D /* DPSavedState.cpp in Sources */,
				E9FB736A18C938AE00726541 /* DPSceneHierarchy.cpp in Sources */,
				E9FB738618CC9E9B00726541 /* DPEditorIcon.cpp in Sources */,
				E9FB737618CA4BFA00726541 /* DPPropertyView.cpp in Sources */,
				E9FB736E18C959AD00726541 /* DPInspectorView.cpp in Sources */,
				E915663718C73FCB005033FC /* DPFileTree.cpp in Sources */,
				E9FB738218CBC47400726541 /* DPDragNDropTarget.cpp in Sources */,
			);
			runOnlyForDeploymentPostprocessing = 0;
		};
/* End PBXSourcesBuildPhase section */

/* Begin XCBuildConfiguration section */
		E947605D188E4C790068D2E6 /* Debug */ = {
			isa = XCBuildConfiguration;
			buildSettings = {
				ALWAYS_SEARCH_USER_PATHS = NO;
				CLANG_CXX_LANGUAGE_STANDARD = "gnu++0x";
				CLANG_CXX_LIBRARY = "libc++";
				CLANG_ENABLE_OBJC_ARC = YES;
				CLANG_WARN_BOOL_CONVERSION = YES;
				CLANG_WARN_CONSTANT_CONVERSION = YES;
				CLANG_WARN_DIRECT_OBJC_ISA_USAGE = YES_ERROR;
				CLANG_WARN_EMPTY_BODY = YES;
				CLANG_WARN_ENUM_CONVERSION = YES;
				CLANG_WARN_INT_CONVERSION = YES;
				CLANG_WARN_OBJC_ROOT_CLASS = YES_ERROR;
				CLANG_WARN__DUPLICATE_METHOD_MATCH = YES;
				COPY_PHASE_STRIP = NO;
				GCC_C_LANGUAGE_STANDARD = gnu99;
				GCC_DYNAMIC_NO_PIC = NO;
				GCC_ENABLE_OBJC_EXCEPTIONS = YES;
				GCC_OPTIMIZATION_LEVEL = 0;
				GCC_PREPROCESSOR_DEFINITIONS = (
					"DEBUG=1",
					"$(inherited)",
				);
				GCC_SYMBOLS_PRIVATE_EXTERN = NO;
				GCC_WARN_64_TO_32_BIT_CONVERSION = YES;
				GCC_WARN_ABOUT_RETURN_TYPE = YES_ERROR;
				GCC_WARN_UNDECLARED_SELECTOR = YES;
				GCC_WARN_UNINITIALIZED_AUTOS = YES;
				GCC_WARN_UNUSED_FUNCTION = YES;
				GCC_WARN_UNUSED_VARIABLE = YES;
				MACOSX_DEPLOYMENT_TARGET = 10.9;
				ONLY_ACTIVE_ARCH = YES;
				SDKROOT = macosx;
			};
			name = Debug;
		};
		E947605E188E4C790068D2E6 /* Release */ = {
			isa = XCBuildConfiguration;
			buildSettings = {
				ALWAYS_SEARCH_USER_PATHS = NO;
				CLANG_CXX_LANGUAGE_STANDARD = "gnu++0x";
				CLANG_CXX_LIBRARY = "libc++";
				CLANG_ENABLE_OBJC_ARC = YES;
				CLANG_WARN_BOOL_CONVERSION = YES;
				CLANG_WARN_CONSTANT_CONVERSION = YES;
				CLANG_WARN_DIRECT_OBJC_ISA_USAGE = YES_ERROR;
				CLANG_WARN_EMPTY_BODY = YES;
				CLANG_WARN_ENUM_CONVERSION = YES;
				CLANG_WARN_INT_CONVERSION = YES;
				CLANG_WARN_OBJC_ROOT_CLASS = YES_ERROR;
				CLANG_WARN__DUPLICATE_METHOD_MATCH = YES;
				COPY_PHASE_STRIP = YES;
				DEBUG_INFORMATION_FORMAT = "dwarf-with-dsym";
				ENABLE_NS_ASSERTIONS = NO;
				GCC_C_LANGUAGE_STANDARD = gnu99;
				GCC_ENABLE_OBJC_EXCEPTIONS = YES;
				GCC_WARN_64_TO_32_BIT_CONVERSION = YES;
				GCC_WARN_ABOUT_RETURN_TYPE = YES_ERROR;
				GCC_WARN_UNDECLARED_SELECTOR = YES;
				GCC_WARN_UNINITIALIZED_AUTOS = YES;
				GCC_WARN_UNUSED_FUNCTION = YES;
				GCC_WARN_UNUSED_VARIABLE = YES;
				MACOSX_DEPLOYMENT_TARGET = 10.9;
				SDKROOT = macosx;
			};
			name = Release;
		};
		E9476060188E4C790068D2E6 /* Debug */ = {
			isa = XCBuildConfiguration;
			buildSettings = {
				EXECUTABLE_PREFIX = lib;
				GCC_PREPROCESSOR_DEFINITIONS = (
					"$(inherited)",
					"RN_BUILD_MODULE=1",
				);
				HEADER_SEARCH_PATHS = (
					"$(inherited)",
					/usr/local/include/rayne/,
				);
				LD_DYLIB_INSTALL_NAME = "@rpath/$(EXECUTABLE_PATH)";
				LIBRARY_SEARCH_PATHS = (
					"$(inherited)",
					/usr/local/lib/,
				);
				OTHER_LDFLAGS = "-lRayne";
				PRODUCT_NAME = "$(TARGET_NAME)";
			};
			name = Debug;
		};
		E9476061188E4C790068D2E6 /* Release */ = {
			isa = XCBuildConfiguration;
			buildSettings = {
				EXECUTABLE_PREFIX = lib;
				GCC_PREPROCESSOR_DEFINITIONS = (
					"$(inherited)",
					"NDEBUG=1",
					"RN_BUILD_MODULE=1",
				);
				HEADER_SEARCH_PATHS = (
					"$(inherited)",
					/usr/local/include/rayne/,
				);
				LD_DYLIB_INSTALL_NAME = "@rpath/$(EXECUTABLE_PATH)";
				LIBRARY_SEARCH_PATHS = (
					"$(inherited)",
					/usr/local/lib/,
				);
				OTHER_LDFLAGS = "-lRayne";
				PRODUCT_NAME = "$(TARGET_NAME)";
			};
			name = Release;
		};
/* End XCBuildConfiguration section */

/* Begin XCConfigurationList section */
		E9476052188E4C780068D2E6 /* Build configuration list for PBXProject "Downpour" */ = {
			isa = XCConfigurationList;
			buildConfigurations = (
				E947605D188E4C790068D2E6 /* Debug */,
				E947605E188E4C790068D2E6 /* Release */,
			);
			defaultConfigurationIsVisible = 0;
			defaultConfigurationName = Release;
		};
		E947605F188E4C790068D2E6 /* Build configuration list for PBXNativeTarget "Downpour" */ = {
			isa = XCConfigurationList;
			buildConfigurations = (
				E9476060188E4C790068D2E6 /* Debug */,
				E9476061188E4C790068D2E6 /* Release */,
			);
			defaultConfigurationIsVisible = 0;
			defaultConfigurationName = Release;
		};
/* End XCConfigurationList section */
	};
	rootObject = E947604F188E4C780068D2E6 /* Project object */;
}
